
Microsoft Visual Studio Solution File, Format Version 12.00
# Visual Studio Version 16
VisualStudioVersion = 16.0.30804.86
MinimumVisualStudioVersion = 10.0.40219.1
Project("{FAE04EC0-301F-11D3-BF4B-00C04F79EFBC}") = "КалькуляторMVC", "КалькуляторMVC\КалькуляторMVC.csproj", "{108BD971-E716-4928-9A38-2049A91CF4A6}"
EndProject
Global
	GlobalSection(SolutionConfigurationPlatforms) = preSolution
		Debug|Any CPU = Debug|Any CPU
		Release|Any CPU = Release|Any CPU
	EndGlobalSection
	GlobalSection(ProjectConfigurationPlatforms) = postSolution
		{108BD971-E716-4928-9A38-2049A91CF4A6}.Debug|Any CPU.ActiveCfg = Debug|Any CPU
		{108BD971-E716-4928-9A38-2049A91CF4A6}.Debug|Any CPU.Build.0 = Debug|Any CPU
		{108BD971-E716-4928-9A38-2049A91CF4A6}.Release|Any CPU.ActiveCfg = Release|Any CPU
		{108BD971-E716-4928-9A38-2049A91CF4A6}.Release|Any CPU.Build.0 = Release|Any CPU
	EndGlobalSection
	GlobalSection(SolutionProperties) = preSolution
		HideSolutionNode = FALSE
	EndGlobalSection
	GlobalSection(ExtensibilityGlobals) = postSolution
		SolutionGuid = {5B6D6341-538C-4E1D-A7B0-7E54EC71F2A6}
	EndGlobalSection
EndGlobal
